// !$*UTF8*$!
{
	archiveVersion = 1;
	classes = {
	};
	objectVersion = 50;
	objects = {

/* Begin PBXBuildFile section */
		C76BCB102433327E00492952 /* AppDelegate.swift in Sources */ = {isa = PBXBuildFile; fileRef = C76BCB0F2433327E00492952 /* AppDelegate.swift */; };
		C76BCB122433327E00492952 /* SceneDelegate.swift in Sources */ = {isa = PBXBuildFile; fileRef = C76BCB112433327E00492952 /* SceneDelegate.swift */; };
		C76BCB142433327E00492952 /* ViewController.swift in Sources */ = {isa = PBXBuildFile; fileRef = C76BCB132433327E00492952 /* ViewController.swift */; };
		C76BCB172433327E00492952 /* Main.storyboard in Resources */ = {isa = PBXBuildFile; fileRef = C76BCB152433327E00492952 /* Main.storyboard */; };
		C76BCB192433327F00492952 /* Assets.xcassets in Resources */ = {isa = PBXBuildFile; fileRef = C76BCB182433327F00492952 /* Assets.xcassets */; };
		C76BCB1C2433327F00492952 /* LaunchScreen.storyboard in Resources */ = {isa = PBXBuildFile; fileRef = C76BCB1A2433327F00492952 /* LaunchScreen.storyboard */; };
		C76BCB292433546600492952 /* AllFriendsTableViewController.swift in Sources */ = {isa = PBXBuildFile; fileRef = C76BCB282433546600492952 /* AllFriendsTableViewController.swift */; };
		C79789F624353D01006525F8 /* User.swift in Sources */ = {isa = PBXBuildFile; fileRef = C79789F524353D01006525F8 /* User.swift */; };
		C79789F824353D15006525F8 /* Group.swift in Sources */ = {isa = PBXBuildFile; fileRef = C79789F724353D15006525F8 /* Group.swift */; };
		C79789FB24354394006525F8 /* OneFriendCollectionViewController.swift in Sources */ = {isa = PBXBuildFile; fileRef = C79789FA24354394006525F8 /* OneFriendCollectionViewController.swift */; };
		C79789FD243543EB006525F8 /* OneFriendCell.swift in Sources */ = {isa = PBXBuildFile; fileRef = C79789FC243543EB006525F8 /* OneFriendCell.swift */; };
		C7978A032435E9F5006525F8 /* AllGroupsTableController.swift in Sources */ = {isa = PBXBuildFile; fileRef = C7978A022435E9F5006525F8 /* AllGroupsTableController.swift */; };
		C7978A052435EA65006525F8 /* FavouriteGroupsTableController.swift in Sources */ = {isa = PBXBuildFile; fileRef = C7978A042435EA65006525F8 /* FavouriteGroupsTableController.swift */; };
		C7978A072435EC82006525F8 /* GroupCell.swift in Sources */ = {isa = PBXBuildFile; fileRef = C7978A062435EC82006525F8 /* GroupCell.swift */; };
		C79FD5EF2436086B003D5204 /* FriendsTableCell.swift in Sources */ = {isa = PBXBuildFile; fileRef = C79FD5EE2436086B003D5204 /* FriendsTableCell.swift */; };
/* End PBXBuildFile section */

/* Begin PBXFileReference section */
		C76BCB0C2433327E00492952 /* vk-login-geekbrains.app */ = {isa = PBXFileReference; explicitFileType = wrapper.application; includeInIndex = 0; path = "vk-login-geekbrains.app"; sourceTree = BUILT_PRODUCTS_DIR; };
		C76BCB0F2433327E00492952 /* AppDelegate.swift */ = {isa = PBXFileReference; lastKnownFileType = sourcecode.swift; path = AppDelegate.swift; sourceTree = "<group>"; };
		C76BCB112433327E00492952 /* SceneDelegate.swift */ = {isa = PBXFileReference; lastKnownFileType = sourcecode.swift; path = SceneDelegate.swift; sourceTree = "<group>"; };
		C76BCB132433327E00492952 /* ViewController.swift */ = {isa = PBXFileReference; lastKnownFileType = sourcecode.swift; path = ViewController.swift; sourceTree = "<group>"; };
		C76BCB162433327E00492952 /* Base */ = {isa = PBXFileReference; lastKnownFileType = file.storyboard; name = Base; path = Base.lproj/Main.storyboard; sourceTree = "<group>"; };
		C76BCB182433327F00492952 /* Assets.xcassets */ = {isa = PBXFileReference; lastKnownFileType = folder.assetcatalog; path = Assets.xcassets; sourceTree = "<group>"; };
		C76BCB1B2433327F00492952 /* Base */ = {isa = PBXFileReference; lastKnownFileType = file.storyboard; name = Base; path = Base.lproj/LaunchScreen.storyboard; sourceTree = "<group>"; };
		C76BCB1D2433327F00492952 /* Info.plist */ = {isa = PBXFileReference; lastKnownFileType = text.plist.xml; path = Info.plist; sourceTree = "<group>"; };
		C76BCB282433546600492952 /* AllFriendsTableViewController.swift */ = {isa = PBXFileReference; lastKnownFileType = sourcecode.swift; path = AllFriendsTableViewController.swift; sourceTree = "<group>"; };
		C79789F524353D01006525F8 /* User.swift */ = {isa = PBXFileReference; lastKnownFileType = sourcecode.swift; path = User.swift; sourceTree = "<group>"; };
		C79789F724353D15006525F8 /* Group.swift */ = {isa = PBXFileReference; lastKnownFileType = sourcecode.swift; path = Group.swift; sourceTree = "<group>"; };
		C79789FA24354394006525F8 /* OneFriendCollectionViewController.swift */ = {isa = PBXFileReference; lastKnownFileType = sourcecode.swift; path = OneFriendCollectionViewController.swift; sourceTree = "<group>"; };
		C79789FC243543EB006525F8 /* OneFriendCell.swift */ = {isa = PBXFileReference; lastKnownFileType = sourcecode.swift; path = OneFriendCell.swift; sourceTree = "<group>"; };
		C7978A022435E9F5006525F8 /* AllGroupsTableController.swift */ = {isa = PBXFileReference; lastKnownFileType = sourcecode.swift; path = AllGroupsTableController.swift; sourceTree = "<group>"; };
		C7978A042435EA65006525F8 /* FavouriteGroupsTableController.swift */ = {isa = PBXFileReference; lastKnownFileType = sourcecode.swift; path = FavouriteGroupsTableController.swift; sourceTree = "<group>"; };
		C7978A062435EC82006525F8 /* GroupCell.swift */ = {isa = PBXFileReference; lastKnownFileType = sourcecode.swift; path = GroupCell.swift; sourceTree = "<group>"; };
		C79FD5EE2436086B003D5204 /* FriendsTableCell.swift */ = {isa = PBXFileReference; lastKnownFileType = sourcecode.swift; path = FriendsTableCell.swift; sourceTree = "<group>"; };
/* End PBXFileReference section */

/* Begin PBXFrameworksBuildPhase section */
		C76BCB092433327E00492952 /* Frameworks */ = {
			isa = PBXFrameworksBuildPhase;
			buildActionMask = 2147483647;
			files = (
			);
			runOnlyForDeploymentPostprocessing = 0;
		};
/* End PBXFrameworksBuildPhase section */

/* Begin PBXGroup section */
		C76BCB032433327E00492952 = {
			isa = PBXGroup;
			children = (
				C76BCB0E2433327E00492952 /* vk-login-geekbrains */,
				C76BCB0D2433327E00492952 /* Products */,
			);
			sourceTree = "<group>";
		};
		C76BCB0D2433327E00492952 /* Products */ = {
			isa = PBXGroup;
			children = (
				C76BCB0C2433327E00492952 /* vk-login-geekbrains.app */,
			);
			name = Products;
			sourceTree = "<group>";
		};
		C76BCB0E2433327E00492952 /* vk-login-geekbrains */ = {
			isa = PBXGroup;
			children = (
				C76BCB0F2433327E00492952 /* AppDelegate.swift */,
				C76BCB112433327E00492952 /* SceneDelegate.swift */,
				C76BCB152433327E00492952 /* Main.storyboard */,
				C79789F92435432A006525F8 /* Cells */,
				C79789F424353CEF006525F8 /* Model */,
				C76BCB232433538D00492952 /* Controllers */,
				C76BCB182433327F00492952 /* Assets.xcassets */,
				C76BCB1A2433327F00492952 /* LaunchScreen.storyboard */,
				C76BCB1D2433327F00492952 /* Info.plist */,
			);
			path = "vk-login-geekbrains";
			sourceTree = "<group>";
		};
		C76BCB232433538D00492952 /* Controllers */ = {
			isa = PBXGroup;
			children = (
				C79789FF2435E837006525F8 /* GroupControllers */,
				C79789FE2435E824006525F8 /* FriendControllers */,
				C76BCB132433327E00492952 /* ViewController.swift */,
			);
			path = Controllers;
			sourceTree = "<group>";
		};
		C79789F424353CEF006525F8 /* Model */ = {
			isa = PBXGroup;
			children = (
				C79789F524353D01006525F8 /* User.swift */,
				C79789F724353D15006525F8 /* Group.swift */,
			);
			path = Model;
			sourceTree = "<group>";
		};
		C79789F92435432A006525F8 /* Cells */ = {
			isa = PBXGroup;
			children = (
				C79789FC243543EB006525F8 /* OneFriendCell.swift */,
				C79FD5EE2436086B003D5204 /* FriendsTableCell.swift */,
				C7978A062435EC82006525F8 /* GroupCell.swift */,
			);
			path = Cells;
			sourceTree = "<group>";
		};
		C79789FE2435E824006525F8 /* FriendControllers */ = {
			isa = PBXGroup;
			children = (
				C79789FA24354394006525F8 /* OneFriendCollectionViewController.swift */,
				C76BCB282433546600492952 /* AllFriendsTableViewController.swift */,
			);
			path = FriendControllers;
			sourceTree = "<group>";
		};
		C79789FF2435E837006525F8 /* GroupControllers */ = {
			isa = PBXGroup;
			children = (
				C7978A022435E9F5006525F8 /* AllGroupsTableController.swift */,
				C7978A042435EA65006525F8 /* FavouriteGroupsTableController.swift */,
			);
			path = GroupControllers;
			sourceTree = "<group>";
		};
/* End PBXGroup section */

/* Begin PBXNativeTarget section */
		C76BCB0B2433327E00492952 /* vk-login-geekbrains */ = {
			isa = PBXNativeTarget;
			buildConfigurationList = C76BCB202433327F00492952 /* Build configuration list for PBXNativeTarget "vk-login-geekbrains" */;
			buildPhases = (
				C76BCB082433327E00492952 /* Sources */,
				C76BCB092433327E00492952 /* Frameworks */,
				C76BCB0A2433327E00492952 /* Resources */,
			);
			buildRules = (
			);
			dependencies = (
			);
			name = "vk-login-geekbrains";
			productName = "vk-login-geekbrains";
			productReference = C76BCB0C2433327E00492952 /* vk-login-geekbrains.app */;
			productType = "com.apple.product-type.application";
		};
/* End PBXNativeTarget section */

/* Begin PBXProject section */
		C76BCB042433327E00492952 /* Project object */ = {
			isa = PBXProject;
			attributes = {
				LastSwiftUpdateCheck = 1130;
				LastUpgradeCheck = 1130;
				ORGANIZATIONNAME = "Aleksey Mikhlev";
				TargetAttributes = {
					C76BCB0B2433327E00492952 = {
						CreatedOnToolsVersion = 11.3.1;
					};
				};
			};
			buildConfigurationList = C76BCB072433327E00492952 /* Build configuration list for PBXProject "vk-login-geekbrains" */;
			compatibilityVersion = "Xcode 9.3";
			developmentRegion = en;
			hasScannedForEncodings = 0;
			knownRegions = (
				en,
				Base,
			);
			mainGroup = C76BCB032433327E00492952;
			productRefGroup = C76BCB0D2433327E00492952 /* Products */;
			projectDirPath = "";
			projectRoot = "";
			targets = (
				C76BCB0B2433327E00492952 /* vk-login-geekbrains */,
			);
		};
/* End PBXProject section */

/* Begin PBXResourcesBuildPhase section */
		C76BCB0A2433327E00492952 /* Resources */ = {
			isa = PBXResourcesBuildPhase;
			buildActionMask = 2147483647;
			files = (
				C76BCB1C2433327F00492952 /* LaunchScreen.storyboard in Resources */,
				C76BCB192433327F00492952 /* Assets.xcassets in Resources */,
				C76BCB172433327E00492952 /* Main.storyboard in Resources */,
			);
			runOnlyForDeploymentPostprocessing = 0;
		};
/* End PBXResourcesBuildPhase section */

/* Begin PBXSourcesBuildPhase section */
		C76BCB082433327E00492952 /* Sources */ = {
			isa = PBXSourcesBuildPhase;
			buildActionMask = 2147483647;
			files = (
				C79FD5EF2436086B003D5204 /* FriendsTableCell.swift in Sources */,
				C76BCB142433327E00492952 /* ViewController.swift in Sources */,
				C76BCB292433546600492952 /* AllFriendsTableViewController.swift in Sources */,
				C7978A032435E9F5006525F8 /* AllGroupsTableController.swift in Sources */,
				C76BCB102433327E00492952 /* AppDelegate.swift in Sources */,
				C7978A072435EC82006525F8 /* GroupCell.swift in Sources */,
				C79789F824353D15006525F8 /* Group.swift in Sources */,
				C79789F624353D01006525F8 /* User.swift in Sources */,
				C7978A052435EA65006525F8 /* FavouriteGroupsTableController.swift in Sources */,
				C76BCB122433327E00492952 /* SceneDelegate.swift in Sources */,
				C79789FB24354394006525F8 /* OneFriendCollectionViewController.swift in Sources */,
				C79789FD243543EB006525F8 /* OneFriendCell.swift in Sources */,
			);
			runOnlyForDeploymentPostprocessing = 0;
		};
/* End PBXSourcesBuildPhase section */

/* Begin PBXVariantGroup section */
		C76BCB152433327E00492952 /* Main.storyboard */ = {
			isa = PBXVariantGroup;
			children = (
				C76BCB162433327E00492952 /* Base */,
			);
			name = Main.storyboard;
			sourceTree = "<group>";
		};
		C76BCB1A2433327F00492952 /* LaunchScreen.storyboard */ = {
			isa = PBXVariantGroup;
			children = (
				C76BCB1B2433327F00492952 /* Base */,
			);
			name = LaunchScreen.storyboard;
			sourceTree = "<group>";
		};
/* End PBXVariantGroup section */

/* Begin XCBuildConfiguration section */
		C76BCB1E2433327F00492952 /* Debug */ = {
			isa = XCBuildConfiguration;
			buildSettings = {
				ALWAYS_SEARCH_USER_PATHS = NO;
				CLANG_ANALYZER_NONNULL = YES;
				CLANG_ANALYZER_NUMBER_OBJECT_CONVERSION = YES_AGGRESSIVE;
				CLANG_CXX_LANGUAGE_STANDARD = "gnu++14";
				CLANG_CXX_LIBRARY = "libc++";
				CLANG_ENABLE_MODULES = YES;
				CLANG_ENABLE_OBJC_ARC = YES;
				CLANG_ENABLE_OBJC_WEAK = YES;
				CLANG_WARN_BLOCK_CAPTURE_AUTORELEASING = YES;
				CLANG_WARN_BOOL_CONVERSION = YES;
				CLANG_WARN_COMMA = YES;
				CLANG_WARN_CONSTANT_CONVERSION = YES;
				CLANG_WARN_DEPRECATED_OBJC_IMPLEMENTATIONS = YES;
				CLANG_WARN_DIRECT_OBJC_ISA_USAGE = YES_ERROR;
				CLANG_WARN_DOCUMENTATION_COMMENTS = YES;
				CLANG_WARN_EMPTY_BODY = YES;
				CLANG_WARN_ENUM_CONVERSION = YES;
				CLANG_WARN_INFINITE_RECURSION = YES;
				CLANG_WARN_INT_CONVERSION = YES;
				CLANG_WARN_NON_LITERAL_NULL_CONVERSION = YES;
				CLANG_WARN_OBJC_IMPLICIT_RETAIN_SELF = YES;
				CLANG_WARN_OBJC_LITERAL_CONVERSION = YES;
				CLANG_WARN_OBJC_ROOT_CLASS = YES_ERROR;
				CLANG_WARN_RANGE_LOOP_ANALYSIS = YES;
				CLANG_WARN_STRICT_PROTOTYPES = YES;
				CLANG_WARN_SUSPICIOUS_MOVE = YES;
				CLANG_WARN_UNGUARDED_AVAILABILITY = YES_AGGRESSIVE;
				CLANG_WARN_UNREACHABLE_CODE = YES;
				CLANG_WARN__DUPLICATE_METHOD_MATCH = YES;
				COPY_PHASE_STRIP = NO;
				DEBUG_INFORMATION_FORMAT = dwarf;
				ENABLE_STRICT_OBJC_MSGSEND = YES;
				ENABLE_TESTABILITY = YES;
				GCC_C_LANGUAGE_STANDARD = gnu11;
				GCC_DYNAMIC_NO_PIC = NO;
				GCC_NO_COMMON_BLOCKS = YES;
				GCC_OPTIMIZATION_LEVEL = 0;
				GCC_PREPROCESSOR_DEFINITIONS = (
					"DEBUG=1",
					"$(inherited)",
				);
				GCC_WARN_64_TO_32_BIT_CONVERSION = YES;
				GCC_WARN_ABOUT_RETURN_TYPE = YES_ERROR;
				GCC_WARN_UNDECLARED_SELECTOR = YES;
				GCC_WARN_UNINITIALIZED_AUTOS = YES_AGGRESSIVE;
				GCC_WARN_UNUSED_FUNCTION = YES;
				GCC_WARN_UNUSED_VARIABLE = YES;
				IPHONEOS_DEPLOYMENT_TARGET = 13.2;
				MTL_ENABLE_DEBUG_INFO = INCLUDE_SOURCE;
				MTL_FAST_MATH = YES;
				ONLY_ACTIVE_ARCH = YES;
				SDKROOT = iphoneos;
				SWIFT_ACTIVE_COMPILATION_CONDITIONS = DEBUG;
				SWIFT_OPTIMIZATION_LEVEL = "-Onone";
			};
			name = Debug;
		};
		C76BCB1F2433327F00492952 /* Release */ = {
			isa = XCBuildConfiguration;
			buildSettings = {
				ALWAYS_SEARCH_USER_PATHS = NO;
				CLANG_ANALYZER_NONNULL = YES;
				CLANG_ANALYZER_NUMBER_OBJECT_CONVERSION = YES_AGGRESSIVE;
				CLANG_CXX_LANGUAGE_STANDARD = "gnu++14";
				CLANG_CXX_LIBRARY = "libc++";
				CLANG_ENABLE_MODULES = YES;
				CLANG_ENABLE_OBJC_ARC = YES;
				CLANG_ENABLE_OBJC_WEAK = YES;
				CLANG_WARN_BLOCK_CAPTURE_AUTORELEASING = YES;
				CLANG_WARN_BOOL_CONVERSION = YES;
				CLANG_WARN_COMMA = YES;
				CLANG_WARN_CONSTANT_CONVERSION = YES;
				CLANG_WARN_DEPRECATED_OBJC_IMPLEMENTATIONS = YES;
				CLANG_WARN_DIRECT_OBJC_ISA_USAGE = YES_ERROR;
				CLANG_WARN_DOCUMENTATION_COMMENTS = YES;
				CLANG_WARN_EMPTY_BODY = YES;
				CLANG_WARN_ENUM_CONVERSION = YES;
				CLANG_WARN_INFINITE_RECURSION = YES;
				CLANG_WARN_INT_CONVERSION = YES;
				CLANG_WARN_NON_LITERAL_NULL_CONVERSION = YES;
				CLANG_WARN_OBJC_IMPLICIT_RETAIN_SELF = YES;
				CLANG_WARN_OBJC_LITERAL_CONVERSION = YES;
				CLANG_WARN_OBJC_ROOT_CLASS = YES_ERROR;
				CLANG_WARN_RANGE_LOOP_ANALYSIS = YES;
				CLANG_WARN_STRICT_PROTOTYPES = YES;
				CLANG_WARN_SUSPICIOUS_MOVE = YES;
				CLANG_WARN_UNGUARDED_AVAILABILITY = YES_AGGRESSIVE;
				CLANG_WARN_UNREACHABLE_CODE = YES;
				CLANG_WARN__DUPLICATE_METHOD_MATCH = YES;
				COPY_PHASE_STRIP = NO;
				DEBUG_INFORMATION_FORMAT = "dwarf-with-dsym";
				ENABLE_NS_ASSERTIONS = NO;
				ENABLE_STRICT_OBJC_MSGSEND = YES;
				GCC_C_LANGUAGE_STANDARD = gnu11;
				GCC_NO_COMMON_BLOCKS = YES;
				GCC_WARN_64_TO_32_BIT_CONVERSION = YES;
				GCC_WARN_ABOUT_RETURN_TYPE = YES_ERROR;
				GCC_WARN_UNDECLARED_SELECTOR = YES;
				GCC_WARN_UNINITIALIZED_AUTOS = YES_AGGRESSIVE;
				GCC_WARN_UNUSED_FUNCTION = YES;
				GCC_WARN_UNUSED_VARIABLE = YES;
				IPHONEOS_DEPLOYMENT_TARGET = 13.2;
				MTL_ENABLE_DEBUG_INFO = NO;
				MTL_FAST_MATH = YES;
				SDKROOT = iphoneos;
				SWIFT_COMPILATION_MODE = wholemodule;
				SWIFT_OPTIMIZATION_LEVEL = "-O";
				VALIDATE_PRODUCT = YES;
			};
			name = Release;
		};
		C76BCB212433327F00492952 /* Debug */ = {
			isa = XCBuildConfiguration;
			buildSettings = {
				ASSETCATALOG_COMPILER_APPICON_NAME = AppIcon;
				CODE_SIGN_STYLE = Automatic;
				DEVELOPMENT_TEAM = NBXWNXCUWE;
				INFOPLIST_FILE = "vk-login-geekbrains/Info.plist";
				LD_RUNPATH_SEARCH_PATHS = (
					"$(inherited)",
					"@executable_path/Frameworks",
				);
				PRODUCT_BUNDLE_IDENTIFIER = "Aleksey-Mikhlev.vk-login-geekbrains";
				PRODUCT_NAME = "$(TARGET_NAME)";
				SWIFT_VERSION = 5.0;
				TARGETED_DEVICE_FAMILY = "1,2";
			};
			name = Debug;
		};
		C76BCB222433327F00492952 /* Release */ = {
			isa = XCBuildConfiguration;
			buildSettings = {
				ASSETCATALOG_COMPILER_APPICON_NAME = AppIcon;
				CODE_SIGN_STYLE = Automatic;
				DEVELOPMENT_TEAM = NBXWNXCUWE;
				INFOPLIST_FILE = "vk-login-geekbrains/Info.plist";
				LD_RUNPATH_SEARCH_PATHS = (
					"$(inherited)",
					"@executable_path/Frameworks",
				);
				PRODUCT_BUNDLE_IDENTIFIER = "Aleksey-Mikhlev.vk-login-geekbrains";
				PRODUCT_NAME = "$(TARGET_NAME)";
				SWIFT_VERSION = 5.0;
				TARGETED_DEVICE_FAMILY = "1,2";
			};
			name = Release;
		};
/* End XCBuildConfiguration section */

/* Begin XCConfigurationList section */
		C76BCB072433327E00492952 /* Build configuration list for PBXProject "vk-login-geekbrains" */ = {
			isa = XCConfigurationList;
			buildConfigurations = (
				C76BCB1E2433327F00492952 /* Debug */,
				C76BCB1F2433327F00492952 /* Release */,
			);
			defaultConfigurationIsVisible = 0;
			defaultConfigurationName = Release;
		};
		C76BCB202433327F00492952 /* Build configuration list for PBXNativeTarget "vk-login-geekbrains" */ = {
			isa = XCConfigurationList;
			buildConfigurations = (
				C76BCB212433327F00492952 /* Debug */,
				C76BCB222433327F00492952 /* Release */,
			);
			defaultConfigurationIsVisible = 0;
			defaultConfigurationName = Release;
		};
/* End XCConfigurationList section */
	};
	rootObject = C76BCB042433327E00492952 /* Project object */;
}
