// !$*UTF8*$!
{
	archiveVersion = 1;
	classes = {
	};
	objectVersion = 51;
	objects = {

/* Begin PBXBuildFile section */
		5C160F454BFAD007E5DD9048 /* Pods_vk_login_geekbrains.framework in Frameworks */ = {isa = PBXBuildFile; fileRef = 61005D0FB9E650A420EA80B2 /* Pods_vk_login_geekbrains.framework */; };
		C7284CCF244E216F00870CC7 /* ContentViewController.swift in Sources */ = {isa = PBXBuildFile; fileRef = C7284CCE244E216F00870CC7 /* ContentViewController.swift */; };
		C7284CD524518B7400870CC7 /* SegueAnimatorPush.swift in Sources */ = {isa = PBXBuildFile; fileRef = C7284CD424518B7400870CC7 /* SegueAnimatorPush.swift */; };
		C7284CD72451AACB00870CC7 /* NavigationController.swift in Sources */ = {isa = PBXBuildFile; fileRef = C7284CD62451AACB00870CC7 /* NavigationController.swift */; };
		C7284CD92451C25E00870CC7 /* SegueAnimatorPop.swift in Sources */ = {isa = PBXBuildFile; fileRef = C7284CD82451C25E00870CC7 /* SegueAnimatorPop.swift */; };
		C72BAB6C2449ACEF0086EDC3 /* LoadingView.swift in Sources */ = {isa = PBXBuildFile; fileRef = C72BAB6B2449ACEF0086EDC3 /* LoadingView.swift */; };
		C7679DD3243B2B7A00138187 /* Content.swift in Sources */ = {isa = PBXBuildFile; fileRef = C7679DD2243B2B7A00138187 /* Content.swift */; };
		C7679DD6243B40BE00138187 /* LikeControl.swift in Sources */ = {isa = PBXBuildFile; fileRef = C7679DD5243B40BE00138187 /* LikeControl.swift */; };
		C76BCB102433327E00492952 /* AppDelegate.swift in Sources */ = {isa = PBXBuildFile; fileRef = C76BCB0F2433327E00492952 /* AppDelegate.swift */; };
		C76BCB122433327E00492952 /* SceneDelegate.swift in Sources */ = {isa = PBXBuildFile; fileRef = C76BCB112433327E00492952 /* SceneDelegate.swift */; };
		C76BCB142433327E00492952 /* ViewController.swift in Sources */ = {isa = PBXBuildFile; fileRef = C76BCB132433327E00492952 /* ViewController.swift */; };
		C76BCB172433327E00492952 /* Main.storyboard in Resources */ = {isa = PBXBuildFile; fileRef = C76BCB152433327E00492952 /* Main.storyboard */; };
		C76BCB192433327F00492952 /* Assets.xcassets in Resources */ = {isa = PBXBuildFile; fileRef = C76BCB182433327F00492952 /* Assets.xcassets */; };
		C76BCB1C2433327F00492952 /* LaunchScreen.storyboard in Resources */ = {isa = PBXBuildFile; fileRef = C76BCB1A2433327F00492952 /* LaunchScreen.storyboard */; };
		C76BCB292433546600492952 /* AllFriendsTableViewController.swift in Sources */ = {isa = PBXBuildFile; fileRef = C76BCB282433546600492952 /* AllFriendsTableViewController.swift */; };
		C79789F624353D01006525F8 /* User.swift in Sources */ = {isa = PBXBuildFile; fileRef = C79789F524353D01006525F8 /* User.swift */; };
		C79789F824353D15006525F8 /* Group.swift in Sources */ = {isa = PBXBuildFile; fileRef = C79789F724353D15006525F8 /* Group.swift */; };
		C79789FB24354394006525F8 /* OneFriendCollectionViewController.swift in Sources */ = {isa = PBXBuildFile; fileRef = C79789FA24354394006525F8 /* OneFriendCollectionViewController.swift */; };
		C79789FD243543EB006525F8 /* OneFriendCell.swift in Sources */ = {isa = PBXBuildFile; fileRef = C79789FC243543EB006525F8 /* OneFriendCell.swift */; };
		C7978A032435E9F5006525F8 /* AllGroupsTableController.swift in Sources */ = {isa = PBXBuildFile; fileRef = C7978A022435E9F5006525F8 /* AllGroupsTableController.swift */; };
		C7978A052435EA65006525F8 /* FavouriteGroupsTableController.swift in Sources */ = {isa = PBXBuildFile; fileRef = C7978A042435EA65006525F8 /* FavouriteGroupsTableController.swift */; };
		C7978A072435EC82006525F8 /* GroupCell.swift in Sources */ = {isa = PBXBuildFile; fileRef = C7978A062435EC82006525F8 /* GroupCell.swift */; };
		C79FD5EF2436086B003D5204 /* FriendsTableCell.swift in Sources */ = {isa = PBXBuildFile; fileRef = C79FD5EE2436086B003D5204 /* FriendsTableCell.swift */; };
		C7AA787D24767B260060DE4C /* WebKit.framework in Frameworks */ = {isa = PBXBuildFile; fileRef = C7AA787C24767B260060DE4C /* WebKit.framework */; };
		C7AA788024767E360060DE4C /* Codable.swift in Sources */ = {isa = PBXBuildFile; fileRef = C7AA787F24767E360060DE4C /* Codable.swift */; };
		C7BB0BF024461A4C007B6EDB /* NewsTableCell.swift in Sources */ = {isa = PBXBuildFile; fileRef = C7BB0BEF24461A4C007B6EDB /* NewsTableCell.swift */; };
		C7BB0BF224461A7A007B6EDB /* NewsTableController.swift in Sources */ = {isa = PBXBuildFile; fileRef = C7BB0BF124461A7A007B6EDB /* NewsTableController.swift */; };
		C7BB0BF424464E3C007B6EDB /* CommentControl.swift in Sources */ = {isa = PBXBuildFile; fileRef = C7BB0BF324464E3C007B6EDB /* CommentControl.swift */; };
		C7BB0BF624464ED7007B6EDB /* RepostControl.swift in Sources */ = {isa = PBXBuildFile; fileRef = C7BB0BF524464ED7007B6EDB /* RepostControl.swift */; };
		C7BB0BF824464F01007B6EDB /* ViewsControl.swift in Sources */ = {isa = PBXBuildFile; fileRef = C7BB0BF724464F01007B6EDB /* ViewsControl.swift */; };
		C7BB0C10244876C9007B6EDB /* Control + Extension.swift in Sources */ = {isa = PBXBuildFile; fileRef = C7BB0C0F244876C9007B6EDB /* Control + Extension.swift */; };
		C7BC8087243B16A800D65BA3 /* FriendPreviewImage.swift in Sources */ = {isa = PBXBuildFile; fileRef = C7BC8086243B16A800D65BA3 /* FriendPreviewImage.swift */; };
		C7BC8089243B182200D65BA3 /* ShadowView.swift in Sources */ = {isa = PBXBuildFile; fileRef = C7BC8088243B182200D65BA3 /* ShadowView.swift */; };
		C7D3083C248D986500231A3C /* GoogleService-Info.plist in Resources */ = {isa = PBXBuildFile; fileRef = C7D3083B248D986500231A3C /* GoogleService-Info.plist */; };
		C7F9103924688CD7009EC298 /* Session.swift in Sources */ = {isa = PBXBuildFile; fileRef = C7F9103824688CD7009EC298 /* Session.swift */; };
		C7F9103B246BEA76009EC298 /* WebViewController.swift in Sources */ = {isa = PBXBuildFile; fileRef = C7F9103A246BEA76009EC298 /* WebViewController.swift */; };
/* End PBXBuildFile section */

/* Begin PBXFileReference section */
		3202C359CA693FFB85EE3CF9 /* Pods-vk-login-geekbrains.debug.xcconfig */ = {isa = PBXFileReference; includeInIndex = 1; lastKnownFileType = text.xcconfig; name = "Pods-vk-login-geekbrains.debug.xcconfig"; path = "Target Support Files/Pods-vk-login-geekbrains/Pods-vk-login-geekbrains.debug.xcconfig"; sourceTree = "<group>"; };
		61005D0FB9E650A420EA80B2 /* Pods_vk_login_geekbrains.framework */ = {isa = PBXFileReference; explicitFileType = wrapper.framework; includeInIndex = 0; path = Pods_vk_login_geekbrains.framework; sourceTree = BUILT_PRODUCTS_DIR; };
		AABBCE19734689C1221AF8F7 /* Pods-vk-login-geekbrains.release.xcconfig */ = {isa = PBXFileReference; includeInIndex = 1; lastKnownFileType = text.xcconfig; name = "Pods-vk-login-geekbrains.release.xcconfig"; path = "Target Support Files/Pods-vk-login-geekbrains/Pods-vk-login-geekbrains.release.xcconfig"; sourceTree = "<group>"; };
		C7284CCE244E216F00870CC7 /* ContentViewController.swift */ = {isa = PBXFileReference; lastKnownFileType = sourcecode.swift; path = ContentViewController.swift; sourceTree = "<group>"; };
		C7284CD424518B7400870CC7 /* SegueAnimatorPush.swift */ = {isa = PBXFileReference; lastKnownFileType = sourcecode.swift; path = SegueAnimatorPush.swift; sourceTree = "<group>"; };
		C7284CD62451AACB00870CC7 /* NavigationController.swift */ = {isa = PBXFileReference; lastKnownFileType = sourcecode.swift; path = NavigationController.swift; sourceTree = "<group>"; };
		C7284CD82451C25E00870CC7 /* SegueAnimatorPop.swift */ = {isa = PBXFileReference; lastKnownFileType = sourcecode.swift; path = SegueAnimatorPop.swift; sourceTree = "<group>"; };
		C72BAB6B2449ACEF0086EDC3 /* LoadingView.swift */ = {isa = PBXFileReference; lastKnownFileType = sourcecode.swift; path = LoadingView.swift; sourceTree = "<group>"; };
		C7679DD2243B2B7A00138187 /* Content.swift */ = {isa = PBXFileReference; lastKnownFileType = sourcecode.swift; path = Content.swift; sourceTree = "<group>"; };
		C7679DD5243B40BE00138187 /* LikeControl.swift */ = {isa = PBXFileReference; lastKnownFileType = sourcecode.swift; path = LikeControl.swift; sourceTree = "<group>"; };
		C76BCB0C2433327E00492952 /* vk-login-geekbrains.app */ = {isa = PBXFileReference; explicitFileType = wrapper.application; includeInIndex = 0; path = "vk-login-geekbrains.app"; sourceTree = BUILT_PRODUCTS_DIR; };
		C76BCB0F2433327E00492952 /* AppDelegate.swift */ = {isa = PBXFileReference; lastKnownFileType = sourcecode.swift; path = AppDelegate.swift; sourceTree = "<group>"; };
		C76BCB112433327E00492952 /* SceneDelegate.swift */ = {isa = PBXFileReference; lastKnownFileType = sourcecode.swift; path = SceneDelegate.swift; sourceTree = "<group>"; };
		C76BCB132433327E00492952 /* ViewController.swift */ = {isa = PBXFileReference; lastKnownFileType = sourcecode.swift; path = ViewController.swift; sourceTree = "<group>"; };
		C76BCB162433327E00492952 /* Base */ = {isa = PBXFileReference; lastKnownFileType = file.storyboard; name = Base; path = Base.lproj/Main.storyboard; sourceTree = "<group>"; };
		C76BCB182433327F00492952 /* Assets.xcassets */ = {isa = PBXFileReference; lastKnownFileType = folder.assetcatalog; path = Assets.xcassets; sourceTree = "<group>"; };
		C76BCB1B2433327F00492952 /* Base */ = {isa = PBXFileReference; lastKnownFileType = file.storyboard; name = Base; path = Base.lproj/LaunchScreen.storyboard; sourceTree = "<group>"; };
		C76BCB1D2433327F00492952 /* Info.plist */ = {isa = PBXFileReference; lastKnownFileType = text.plist.xml; path = Info.plist; sourceTree = "<group>"; };
		C76BCB282433546600492952 /* AllFriendsTableViewController.swift */ = {isa = PBXFileReference; lastKnownFileType = sourcecode.swift; path = AllFriendsTableViewController.swift; sourceTree = "<group>"; };
		C79789F524353D01006525F8 /* User.swift */ = {isa = PBXFileReference; lastKnownFileType = sourcecode.swift; path = User.swift; sourceTree = "<group>"; };
		C79789F724353D15006525F8 /* Group.swift */ = {isa = PBXFileReference; lastKnownFileType = sourcecode.swift; path = Group.swift; sourceTree = "<group>"; };
		C79789FA24354394006525F8 /* OneFriendCollectionViewController.swift */ = {isa = PBXFileReference; lastKnownFileType = sourcecode.swift; path = OneFriendCollectionViewController.swift; sourceTree = "<group>"; };
		C79789FC243543EB006525F8 /* OneFriendCell.swift */ = {isa = PBXFileReference; lastKnownFileType = sourcecode.swift; path = OneFriendCell.swift; sourceTree = "<group>"; };
		C7978A022435E9F5006525F8 /* AllGroupsTableController.swift */ = {isa = PBXFileReference; lastKnownFileType = sourcecode.swift; path = AllGroupsTableController.swift; sourceTree = "<group>"; };
		C7978A042435EA65006525F8 /* FavouriteGroupsTableController.swift */ = {isa = PBXFileReference; lastKnownFileType = sourcecode.swift; path = FavouriteGroupsTableController.swift; sourceTree = "<group>"; };
		C7978A062435EC82006525F8 /* GroupCell.swift */ = {isa = PBXFileReference; lastKnownFileType = sourcecode.swift; path = GroupCell.swift; sourceTree = "<group>"; };
		C79FD5EE2436086B003D5204 /* FriendsTableCell.swift */ = {isa = PBXFileReference; lastKnownFileType = sourcecode.swift; path = FriendsTableCell.swift; sourceTree = "<group>"; };
		C7AA787C24767B260060DE4C /* WebKit.framework */ = {isa = PBXFileReference; lastKnownFileType = wrapper.framework; name = WebKit.framework; path = System/Library/Frameworks/WebKit.framework; sourceTree = SDKROOT; };
		C7AA787F24767E360060DE4C /* Codable.swift */ = {isa = PBXFileReference; lastKnownFileType = sourcecode.swift; path = Codable.swift; sourceTree = "<group>"; };
		C7BB0BEF24461A4C007B6EDB /* NewsTableCell.swift */ = {isa = PBXFileReference; lastKnownFileType = sourcecode.swift; path = NewsTableCell.swift; sourceTree = "<group>"; };
		C7BB0BF124461A7A007B6EDB /* NewsTableController.swift */ = {isa = PBXFileReference; lastKnownFileType = sourcecode.swift; path = NewsTableController.swift; sourceTree = "<group>"; };
		C7BB0BF324464E3C007B6EDB /* CommentControl.swift */ = {isa = PBXFileReference; lastKnownFileType = sourcecode.swift; path = CommentControl.swift; sourceTree = "<group>"; };
		C7BB0BF524464ED7007B6EDB /* RepostControl.swift */ = {isa = PBXFileReference; lastKnownFileType = sourcecode.swift; path = RepostControl.swift; sourceTree = "<group>"; };
		C7BB0BF724464F01007B6EDB /* ViewsControl.swift */ = {isa = PBXFileReference; lastKnownFileType = sourcecode.swift; path = ViewsControl.swift; sourceTree = "<group>"; };
		C7BB0C0F244876C9007B6EDB /* Control + Extension.swift */ = {isa = PBXFileReference; lastKnownFileType = sourcecode.swift; path = "Control + Extension.swift"; sourceTree = "<group>"; };
		C7BC8086243B16A800D65BA3 /* FriendPreviewImage.swift */ = {isa = PBXFileReference; lastKnownFileType = sourcecode.swift; path = FriendPreviewImage.swift; sourceTree = "<group>"; };
		C7BC8088243B182200D65BA3 /* ShadowView.swift */ = {isa = PBXFileReference; lastKnownFileType = sourcecode.swift; path = ShadowView.swift; sourceTree = "<group>"; };
		C7D3083B248D986500231A3C /* GoogleService-Info.plist */ = {isa = PBXFileReference; fileEncoding = 4; lastKnownFileType = text.plist.xml; path = "GoogleService-Info.plist"; sourceTree = "<group>"; };
		C7F9103824688CD7009EC298 /* Session.swift */ = {isa = PBXFileReference; lastKnownFileType = sourcecode.swift; path = Session.swift; sourceTree = "<group>"; };
		C7F9103A246BEA76009EC298 /* WebViewController.swift */ = {isa = PBXFileReference; lastKnownFileType = sourcecode.swift; path = WebViewController.swift; sourceTree = "<group>"; };
/* End PBXFileReference section */

/* Begin PBXFrameworksBuildPhase section */
		C76BCB092433327E00492952 /* Frameworks */ = {
			isa = PBXFrameworksBuildPhase;
			buildActionMask = 2147483647;
			files = (
				C7AA787D24767B260060DE4C /* WebKit.framework in Frameworks */,
				5C160F454BFAD007E5DD9048 /* Pods_vk_login_geekbrains.framework in Frameworks */,
			);
			runOnlyForDeploymentPostprocessing = 0;
		};
/* End PBXFrameworksBuildPhase section */

/* Begin PBXGroup section */
		2ECF501955DBD85BF4C90DAC /* Frameworks */ = {
			isa = PBXGroup;
			children = (
				C7AA787C24767B260060DE4C /* WebKit.framework */,
				61005D0FB9E650A420EA80B2 /* Pods_vk_login_geekbrains.framework */,
			);
			name = Frameworks;
			sourceTree = "<group>";
		};
		C7284CD324518B5700870CC7 /* AnimationSegue */ = {
			isa = PBXGroup;
			children = (
				C7284CD424518B7400870CC7 /* SegueAnimatorPush.swift */,
				C7284CD82451C25E00870CC7 /* SegueAnimatorPop.swift */,
			);
			path = AnimationSegue;
			sourceTree = "<group>";
		};
		C7679DD1243B2B6300138187 /* Content */ = {
			isa = PBXGroup;
			children = (
				C7679DD2243B2B7A00138187 /* Content.swift */,
				C7284CCE244E216F00870CC7 /* ContentViewController.swift */,
			);
			path = Content;
			sourceTree = "<group>";
		};
		C7679DD4243B40A200138187 /* Controls */ = {
			isa = PBXGroup;
			children = (
				C7679DD5243B40BE00138187 /* LikeControl.swift */,
				C7BB0BF324464E3C007B6EDB /* CommentControl.swift */,
				C7BB0BF524464ED7007B6EDB /* RepostControl.swift */,
				C7BB0BF724464F01007B6EDB /* ViewsControl.swift */,
			);
			path = Controls;
			sourceTree = "<group>";
		};
		C76BCB032433327E00492952 = {
			isa = PBXGroup;
			children = (
				C76BCB0E2433327E00492952 /* vk-login-geekbrains */,
				C76BCB0D2433327E00492952 /* Products */,
				EF6CDF5D45FC068BC38EED70 /* Pods */,
				2ECF501955DBD85BF4C90DAC /* Frameworks */,
			);
			sourceTree = "<group>";
		};
		C76BCB0D2433327E00492952 /* Products */ = {
			isa = PBXGroup;
			children = (
				C76BCB0C2433327E00492952 /* vk-login-geekbrains.app */,
			);
			name = Products;
			sourceTree = "<group>";
		};
		C76BCB0E2433327E00492952 /* vk-login-geekbrains */ = {
			isa = PBXGroup;
			children = (
				C7AA787E24767E210060DE4C /* Codable */,
				C76BCB0F2433327E00492952 /* AppDelegate.swift */,
				C76BCB112433327E00492952 /* SceneDelegate.swift */,
				C76BCB152433327E00492952 /* Main.storyboard */,
				C7F9103724688C96009EC298 /* Singleton */,
				C7284CD324518B5700870CC7 /* AnimationSegue */,
				C7BB0C0E244876B2007B6EDB /* Extensions */,
				C7679DD4243B40A200138187 /* Controls */,
				C7679DD1243B2B6300138187 /* Content */,
				C7BC8085243B15C900D65BA3 /* Views */,
				C79789F424353CEF006525F8 /* Model */,
				C79789F92435432A006525F8 /* Cells */,
				C76BCB232433538D00492952 /* Controllers */,
				C76BCB182433327F00492952 /* Assets.xcassets */,
				C76BCB1A2433327F00492952 /* LaunchScreen.storyboard */,
				C76BCB1D2433327F00492952 /* Info.plist */,
				C7D3083B248D986500231A3C /* GoogleService-Info.plist */,
			);
			path = "vk-login-geekbrains";
			sourceTree = "<group>";
		};
		C76BCB232433538D00492952 /* Controllers */ = {
			isa = PBXGroup;
			children = (
				C79789FF2435E837006525F8 /* GroupControllers */,
				C79789FE2435E824006525F8 /* FriendControllers */,
				C7BB0BEE24461A1A007B6EDB /* NewsControllers */,
				C76BCB132433327E00492952 /* ViewController.swift */,
				C7F9103A246BEA76009EC298 /* WebViewController.swift */,
				C7284CD62451AACB00870CC7 /* NavigationController.swift */,
			);
			path = Controllers;
			sourceTree = "<group>";
		};
		C79789F424353CEF006525F8 /* Model */ = {
			isa = PBXGroup;
			children = (
				C79789F524353D01006525F8 /* User.swift */,
				C79789F724353D15006525F8 /* Group.swift */,
			);
			path = Model;
			sourceTree = "<group>";
		};
		C79789F92435432A006525F8 /* Cells */ = {
			isa = PBXGroup;
			children = (
				C79789FC243543EB006525F8 /* OneFriendCell.swift */,
				C79FD5EE2436086B003D5204 /* FriendsTableCell.swift */,
				C7978A062435EC82006525F8 /* GroupCell.swift */,
				C7BB0BEF24461A4C007B6EDB /* NewsTableCell.swift */,
			);
			path = Cells;
			sourceTree = "<group>";
		};
		C79789FE2435E824006525F8 /* FriendControllers */ = {
			isa = PBXGroup;
			children = (
				C79789FA24354394006525F8 /* OneFriendCollectionViewController.swift */,
				C76BCB282433546600492952 /* AllFriendsTableViewController.swift */,
			);
			path = FriendControllers;
			sourceTree = "<group>";
		};
		C79789FF2435E837006525F8 /* GroupControllers */ = {
			isa = PBXGroup;
			children = (
				C7978A022435E9F5006525F8 /* AllGroupsTableController.swift */,
				C7978A042435EA65006525F8 /* FavouriteGroupsTableController.swift */,
			);
			path = GroupControllers;
			sourceTree = "<group>";
		};
		C7AA787E24767E210060DE4C /* Codable */ = {
			isa = PBXGroup;
			children = (
				C7AA787F24767E360060DE4C /* Codable.swift */,
			);
			path = Codable;
			sourceTree = "<group>";
		};
		C7BB0BEE24461A1A007B6EDB /* NewsControllers */ = {
			isa = PBXGroup;
			children = (
				C7BB0BF124461A7A007B6EDB /* NewsTableController.swift */,
			);
			path = NewsControllers;
			sourceTree = "<group>";
		};
		C7BB0C0E244876B2007B6EDB /* Extensions */ = {
			isa = PBXGroup;
			children = (
				C7BB0C0F244876C9007B6EDB /* Control + Extension.swift */,
			);
			path = Extensions;
			sourceTree = "<group>";
		};
		C7BC8085243B15C900D65BA3 /* Views */ = {
			isa = PBXGroup;
			children = (
				C7BC8086243B16A800D65BA3 /* FriendPreviewImage.swift */,
				C72BAB6B2449ACEF0086EDC3 /* LoadingView.swift */,
				C7BC8088243B182200D65BA3 /* ShadowView.swift */,
			);
			path = Views;
			sourceTree = "<group>";
		};
		C7F9103724688C96009EC298 /* Singleton */ = {
			isa = PBXGroup;
			children = (
				C7F9103824688CD7009EC298 /* Session.swift */,
			);
			path = Singleton;
			sourceTree = "<group>";
		};
		EF6CDF5D45FC068BC38EED70 /* Pods */ = {
			isa = PBXGroup;
			children = (
				3202C359CA693FFB85EE3CF9 /* Pods-vk-login-geekbrains.debug.xcconfig */,
				AABBCE19734689C1221AF8F7 /* Pods-vk-login-geekbrains.release.xcconfig */,
			);
			path = Pods;
			sourceTree = "<group>";
		};
/* End PBXGroup section */

/* Begin PBXNativeTarget section */
		C76BCB0B2433327E00492952 /* vk-login-geekbrains */ = {
			isa = PBXNativeTarget;
			buildConfigurationList = C76BCB202433327F00492952 /* Build configuration list for PBXNativeTarget "vk-login-geekbrains" */;
			buildPhases = (
				B6352770CC7BF24504655C1D /* [CP] Check Pods Manifest.lock */,
				C76BCB082433327E00492952 /* Sources */,
				C76BCB092433327E00492952 /* Frameworks */,
				C76BCB0A2433327E00492952 /* Resources */,
				502D67866548EB9ED8DA0EC4 /* [CP] Embed Pods Frameworks */,
			);
			buildRules = (
			);
			dependencies = (
			);
			name = "vk-login-geekbrains";
			productName = "vk-login-geekbrains";
			productReference = C76BCB0C2433327E00492952 /* vk-login-geekbrains.app */;
			productType = "com.apple.product-type.application";
		};
/* End PBXNativeTarget section */

/* Begin PBXProject section */
		C76BCB042433327E00492952 /* Project object */ = {
			isa = PBXProject;
			attributes = {
				LastSwiftUpdateCheck = 1130;
				LastUpgradeCheck = 1130;
				ORGANIZATIONNAME = "Aleksey Mikhlev";
				TargetAttributes = {
					C76BCB0B2433327E00492952 = {
						CreatedOnToolsVersion = 11.3.1;
					};
				};
			};
			buildConfigurationList = C76BCB072433327E00492952 /* Build configuration list for PBXProject "vk-login-geekbrains" */;
			compatibilityVersion = "Xcode 9.3";
			developmentRegion = en;
			hasScannedForEncodings = 0;
			knownRegions = (
				en,
				Base,
			);
			mainGroup = C76BCB032433327E00492952;
			productRefGroup = C76BCB0D2433327E00492952 /* Products */;
			projectDirPath = "";
			projectRoot = "";
			targets = (
				C76BCB0B2433327E00492952 /* vk-login-geekbrains */,
			);
		};
/* End PBXProject section */

/* Begin PBXResourcesBuildPhase section */
		C76BCB0A2433327E00492952 /* Resources */ = {
			isa = PBXResourcesBuildPhase;
			buildActionMask = 2147483647;
			files = (
				C76BCB1C2433327F00492952 /* LaunchScreen.storyboard in Resources */,
				C7D3083C248D986500231A3C /* GoogleService-Info.plist in Resources */,
				C76BCB192433327F00492952 /* Assets.xcassets in Resources */,
				C76BCB172433327E00492952 /* Main.storyboard in Resources */,
			);
			runOnlyForDeploymentPostprocessing = 0;
		};
/* End PBXResourcesBuildPhase section */

/* Begin PBXShellScriptBuildPhase section */
		502D67866548EB9ED8DA0EC4 /* [CP] Embed Pods Frameworks */ = {
			isa = PBXShellScriptBuildPhase;
			buildActionMask = 2147483647;
			files = (
			);
			inputFileListPaths = (
				"${PODS_ROOT}/Target Support Files/Pods-vk-login-geekbrains/Pods-vk-login-geekbrains-frameworks-${CONFIGURATION}-input-files.xcfilelist",
			);
			name = "[CP] Embed Pods Frameworks";
			outputFileListPaths = (
				"${PODS_ROOT}/Target Support Files/Pods-vk-login-geekbrains/Pods-vk-login-geekbrains-frameworks-${CONFIGURATION}-output-files.xcfilelist",
			);
			runOnlyForDeploymentPostprocessing = 0;
			shellPath = /bin/sh;
			shellScript = "\"${PODS_ROOT}/Target Support Files/Pods-vk-login-geekbrains/Pods-vk-login-geekbrains-frameworks.sh\"\n";
			showEnvVarsInLog = 0;
		};
		B6352770CC7BF24504655C1D /* [CP] Check Pods Manifest.lock */ = {
			isa = PBXShellScriptBuildPhase;
			buildActionMask = 2147483647;
			files = (
			);
			inputFileListPaths = (
			);
			inputPaths = (
				"${PODS_PODFILE_DIR_PATH}/Podfile.lock",
				"${PODS_ROOT}/Manifest.lock",
			);
			name = "[CP] Check Pods Manifest.lock";
			outputFileListPaths = (
			);
			outputPaths = (
				"$(DERIVED_FILE_DIR)/Pods-vk-login-geekbrains-checkManifestLockResult.txt",
			);
			runOnlyForDeploymentPostprocessing = 0;
			shellPath = /bin/sh;
			shellScript = "diff \"${PODS_PODFILE_DIR_PATH}/Podfile.lock\" \"${PODS_ROOT}/Manifest.lock\" > /dev/null\nif [ $? != 0 ] ; then\n    # print error to STDERR\n    echo \"error: The sandbox is not in sync with the Podfile.lock. Run 'pod install' or update your CocoaPods installation.\" >&2\n    exit 1\nfi\n# This output is used by Xcode 'outputs' to avoid re-running this script phase.\necho \"SUCCESS\" > \"${SCRIPT_OUTPUT_FILE_0}\"\n";
			showEnvVarsInLog = 0;
		};
/* End PBXShellScriptBuildPhase section */

/* Begin PBXSourcesBuildPhase section */
		C76BCB082433327E00492952 /* Sources */ = {
			isa = PBXSourcesBuildPhase;
			buildActionMask = 2147483647;
			files = (
				C7F9103924688CD7009EC298 /* Session.swift in Sources */,
				C7BC8087243B16A800D65BA3 /* FriendPreviewImage.swift in Sources */,
				C79FD5EF2436086B003D5204 /* FriendsTableCell.swift in Sources */,
				C7679DD6243B40BE00138187 /* LikeControl.swift in Sources */,
				C7BB0BF424464E3C007B6EDB /* CommentControl.swift in Sources */,
				C7BB0BF024461A4C007B6EDB /* NewsTableCell.swift in Sources */,
				C76BCB142433327E00492952 /* ViewController.swift in Sources */,
				C76BCB292433546600492952 /* AllFriendsTableViewController.swift in Sources */,
				C7AA788024767E360060DE4C /* Codable.swift in Sources */,
				C7978A032435E9F5006525F8 /* AllGroupsTableController.swift in Sources */,
				C7BB0BF824464F01007B6EDB /* ViewsControl.swift in Sources */,
				C76BCB102433327E00492952 /* AppDelegate.swift in Sources */,
				C7BC8089243B182200D65BA3 /* ShadowView.swift in Sources */,
				C7BB0BF224461A7A007B6EDB /* NewsTableController.swift in Sources */,
				C7978A072435EC82006525F8 /* GroupCell.swift in Sources */,
				C7284CD72451AACB00870CC7 /* NavigationController.swift in Sources */,
				C7BB0C10244876C9007B6EDB /* Control + Extension.swift in Sources */,
				C7BB0BF624464ED7007B6EDB /* RepostControl.swift in Sources */,
				C7679DD3243B2B7A00138187 /* Content.swift in Sources */,
				C7284CD524518B7400870CC7 /* SegueAnimatorPush.swift in Sources */,
				C7284CCF244E216F00870CC7 /* ContentViewController.swift in Sources */,
				C7F9103B246BEA76009EC298 /* WebViewController.swift in Sources */,
				C79789F824353D15006525F8 /* Group.swift in Sources */,
				C7284CD92451C25E00870CC7 /* SegueAnimatorPop.swift in Sources */,
				C79789F624353D01006525F8 /* User.swift in Sources */,
				C7978A052435EA65006525F8 /* FavouriteGroupsTableController.swift in Sources */,
				C76BCB122433327E00492952 /* SceneDelegate.swift in Sources */,
				C79789FB24354394006525F8 /* OneFriendCollectionViewController.swift in Sources */,
				C79789FD243543EB006525F8 /* OneFriendCell.swift in Sources */,
				C72BAB6C2449ACEF0086EDC3 /* LoadingView.swift in Sources */,
			);
			runOnlyForDeploymentPostprocessing = 0;
		};
/* End PBXSourcesBuildPhase section */

/* Begin PBXVariantGroup section */
		C76BCB152433327E00492952 /* Main.storyboard */ = {
			isa = PBXVariantGroup;
			children = (
				C76BCB162433327E00492952 /* Base */,
			);
			name = Main.storyboard;
			sourceTree = "<group>";
		};
		C76BCB1A2433327F00492952 /* LaunchScreen.storyboard */ = {
			isa = PBXVariantGroup;
			children = (
				C76BCB1B2433327F00492952 /* Base */,
			);
			name = LaunchScreen.storyboard;
			sourceTree = "<group>";
		};
/* End PBXVariantGroup section */

/* Begin XCBuildConfiguration section */
		C76BCB1E2433327F00492952 /* Debug */ = {
			isa = XCBuildConfiguration;
			buildSettings = {
				ALWAYS_SEARCH_USER_PATHS = NO;
				CLANG_ANALYZER_NONNULL = YES;
				CLANG_ANALYZER_NUMBER_OBJECT_CONVERSION = YES_AGGRESSIVE;
				CLANG_CXX_LANGUAGE_STANDARD = "gnu++14";
				CLANG_CXX_LIBRARY = "libc++";
				CLANG_ENABLE_MODULES = YES;
				CLANG_ENABLE_OBJC_ARC = YES;
				CLANG_ENABLE_OBJC_WEAK = YES;
				CLANG_WARN_BLOCK_CAPTURE_AUTORELEASING = YES;
				CLANG_WARN_BOOL_CONVERSION = YES;
				CLANG_WARN_COMMA = YES;
				CLANG_WARN_CONSTANT_CONVERSION = YES;
				CLANG_WARN_DEPRECATED_OBJC_IMPLEMENTATIONS = YES;
				CLANG_WARN_DIRECT_OBJC_ISA_USAGE = YES_ERROR;
				CLANG_WARN_DOCUMENTATION_COMMENTS = YES;
				CLANG_WARN_EMPTY_BODY = YES;
				CLANG_WARN_ENUM_CONVERSION = YES;
				CLANG_WARN_INFINITE_RECURSION = YES;
				CLANG_WARN_INT_CONVERSION = YES;
				CLANG_WARN_NON_LITERAL_NULL_CONVERSION = YES;
				CLANG_WARN_OBJC_IMPLICIT_RETAIN_SELF = YES;
				CLANG_WARN_OBJC_LITERAL_CONVERSION = YES;
				CLANG_WARN_OBJC_ROOT_CLASS = YES_ERROR;
				CLANG_WARN_RANGE_LOOP_ANALYSIS = YES;
				CLANG_WARN_STRICT_PROTOTYPES = YES;
				CLANG_WARN_SUSPICIOUS_MOVE = YES;
				CLANG_WARN_UNGUARDED_AVAILABILITY = YES_AGGRESSIVE;
				CLANG_WARN_UNREACHABLE_CODE = YES;
				CLANG_WARN__DUPLICATE_METHOD_MATCH = YES;
				COPY_PHASE_STRIP = NO;
				DEBUG_INFORMATION_FORMAT = dwarf;
				ENABLE_STRICT_OBJC_MSGSEND = YES;
				ENABLE_TESTABILITY = YES;
				GCC_C_LANGUAGE_STANDARD = gnu11;
				GCC_DYNAMIC_NO_PIC = NO;
				GCC_NO_COMMON_BLOCKS = YES;
				GCC_OPTIMIZATION_LEVEL = 0;
				GCC_PREPROCESSOR_DEFINITIONS = (
					"DEBUG=1",
					"$(inherited)",
				);
				GCC_WARN_64_TO_32_BIT_CONVERSION = YES;
				GCC_WARN_ABOUT_RETURN_TYPE = YES_ERROR;
				GCC_WARN_UNDECLARED_SELECTOR = YES;
				GCC_WARN_UNINITIALIZED_AUTOS = YES_AGGRESSIVE;
				GCC_WARN_UNUSED_FUNCTION = YES;
				GCC_WARN_UNUSED_VARIABLE = YES;
				IPHONEOS_DEPLOYMENT_TARGET = 13.2;
				MTL_ENABLE_DEBUG_INFO = INCLUDE_SOURCE;
				MTL_FAST_MATH = YES;
				ONLY_ACTIVE_ARCH = YES;
				SDKROOT = iphoneos;
				SWIFT_ACTIVE_COMPILATION_CONDITIONS = DEBUG;
				SWIFT_OPTIMIZATION_LEVEL = "-Onone";
			};
			name = Debug;
		};
		C76BCB1F2433327F00492952 /* Release */ = {
			isa = XCBuildConfiguration;
			buildSettings = {
				ALWAYS_SEARCH_USER_PATHS = NO;
				CLANG_ANALYZER_NONNULL = YES;
				CLANG_ANALYZER_NUMBER_OBJECT_CONVERSION = YES_AGGRESSIVE;
				CLANG_CXX_LANGUAGE_STANDARD = "gnu++14";
				CLANG_CXX_LIBRARY = "libc++";
				CLANG_ENABLE_MODULES = YES;
				CLANG_ENABLE_OBJC_ARC = YES;
				CLANG_ENABLE_OBJC_WEAK = YES;
				CLANG_WARN_BLOCK_CAPTURE_AUTORELEASING = YES;
				CLANG_WARN_BOOL_CONVERSION = YES;
				CLANG_WARN_COMMA = YES;
				CLANG_WARN_CONSTANT_CONVERSION = YES;
				CLANG_WARN_DEPRECATED_OBJC_IMPLEMENTATIONS = YES;
				CLANG_WARN_DIRECT_OBJC_ISA_USAGE = YES_ERROR;
				CLANG_WARN_DOCUMENTATION_COMMENTS = YES;
				CLANG_WARN_EMPTY_BODY = YES;
				CLANG_WARN_ENUM_CONVERSION = YES;
				CLANG_WARN_INFINITE_RECURSION = YES;
				CLANG_WARN_INT_CONVERSION = YES;
				CLANG_WARN_NON_LITERAL_NULL_CONVERSION = YES;
				CLANG_WARN_OBJC_IMPLICIT_RETAIN_SELF = YES;
				CLANG_WARN_OBJC_LITERAL_CONVERSION = YES;
				CLANG_WARN_OBJC_ROOT_CLASS = YES_ERROR;
				CLANG_WARN_RANGE_LOOP_ANALYSIS = YES;
				CLANG_WARN_STRICT_PROTOTYPES = YES;
				CLANG_WARN_SUSPICIOUS_MOVE = YES;
				CLANG_WARN_UNGUARDED_AVAILABILITY = YES_AGGRESSIVE;
				CLANG_WARN_UNREACHABLE_CODE = YES;
				CLANG_WARN__DUPLICATE_METHOD_MATCH = YES;
				COPY_PHASE_STRIP = NO;
				DEBUG_INFORMATION_FORMAT = "dwarf-with-dsym";
				ENABLE_NS_ASSERTIONS = NO;
				ENABLE_STRICT_OBJC_MSGSEND = YES;
				GCC_C_LANGUAGE_STANDARD = gnu11;
				GCC_NO_COMMON_BLOCKS = YES;
				GCC_WARN_64_TO_32_BIT_CONVERSION = YES;
				GCC_WARN_ABOUT_RETURN_TYPE = YES_ERROR;
				GCC_WARN_UNDECLARED_SELECTOR = YES;
				GCC_WARN_UNINITIALIZED_AUTOS = YES_AGGRESSIVE;
				GCC_WARN_UNUSED_FUNCTION = YES;
				GCC_WARN_UNUSED_VARIABLE = YES;
				IPHONEOS_DEPLOYMENT_TARGET = 13.2;
				MTL_ENABLE_DEBUG_INFO = NO;
				MTL_FAST_MATH = YES;
				SDKROOT = iphoneos;
				SWIFT_COMPILATION_MODE = wholemodule;
				SWIFT_OPTIMIZATION_LEVEL = "-O";
				VALIDATE_PRODUCT = YES;
			};
			name = Release;
		};
		C76BCB212433327F00492952 /* Debug */ = {
			isa = XCBuildConfiguration;
			baseConfigurationReference = 3202C359CA693FFB85EE3CF9 /* Pods-vk-login-geekbrains.debug.xcconfig */;
			buildSettings = {
				ASSETCATALOG_COMPILER_APPICON_NAME = AppIcon;
				CODE_SIGN_STYLE = Automatic;
				DEVELOPMENT_TEAM = NBXWNXCUWE;
				INFOPLIST_FILE = "vk-login-geekbrains/Info.plist";
				LD_RUNPATH_SEARCH_PATHS = (
					"$(inherited)",
					"@executable_path/Frameworks",
				);
				PRODUCT_BUNDLE_IDENTIFIER = "Aleksey-Mikhlev.vk-login-geekbrains";
				PRODUCT_NAME = "$(TARGET_NAME)";
				SWIFT_VERSION = 5.0;
				TARGETED_DEVICE_FAMILY = "1,2";
			};
			name = Debug;
		};
		C76BCB222433327F00492952 /* Release */ = {
			isa = XCBuildConfiguration;
			baseConfigurationReference = AABBCE19734689C1221AF8F7 /* Pods-vk-login-geekbrains.release.xcconfig */;
			buildSettings = {
				ASSETCATALOG_COMPILER_APPICON_NAME = AppIcon;
				CODE_SIGN_STYLE = Automatic;
				DEVELOPMENT_TEAM = NBXWNXCUWE;
				INFOPLIST_FILE = "vk-login-geekbrains/Info.plist";
				LD_RUNPATH_SEARCH_PATHS = (
					"$(inherited)",
					"@executable_path/Frameworks",
				);
				PRODUCT_BUNDLE_IDENTIFIER = "Aleksey-Mikhlev.vk-login-geekbrains";
				PRODUCT_NAME = "$(TARGET_NAME)";
				SWIFT_VERSION = 5.0;
				TARGETED_DEVICE_FAMILY = "1,2";
			};
			name = Release;
		};
/* End XCBuildConfiguration section */

/* Begin XCConfigurationList section */
		C76BCB072433327E00492952 /* Build configuration list for PBXProject "vk-login-geekbrains" */ = {
			isa = XCConfigurationList;
			buildConfigurations = (
				C76BCB1E2433327F00492952 /* Debug */,
				C76BCB1F2433327F00492952 /* Release */,
			);
			defaultConfigurationIsVisible = 0;
			defaultConfigurationName = Release;
		};
		C76BCB202433327F00492952 /* Build configuration list for PBXNativeTarget "vk-login-geekbrains" */ = {
			isa = XCConfigurationList;
			buildConfigurations = (
				C76BCB212433327F00492952 /* Debug */,
				C76BCB222433327F00492952 /* Release */,
			);
			defaultConfigurationIsVisible = 0;
			defaultConfigurationName = Release;
		};
/* End XCConfigurationList section */
	};
	rootObject = C76BCB042433327E00492952 /* Project object */;
}
